PODS:
  - Nimble (7.1.1)
  - Quick (1.3.0)
  - Realm (3.4.0):
    - Realm/Headers (= 3.4.0)
  - Realm/Headers (3.4.0)
  - RealmSwift (3.4.0):
    - Realm (= 3.4.0)
  - SwiftGifOrigin (1.6.1)
  - Toaster (2.1.1)

DEPENDENCIES:
  - Nimble
  - Quick
  - RealmSwift
  - SwiftGifOrigin
  - Toaster

SPEC REPOS:
  https://github.com/CocoaPods/Specs.git:
    - Nimble
    - Quick
    - Realm
    - RealmSwift
    - SwiftGifOrigin
    - Toaster

SPEC CHECKSUMS:
  Nimble: 391f07782af4b37914f9bd7b2ffbb952731b8202
  Quick: 03278013f71aa05fe9ecabc94fbcc6835f1ee76f
  Realm: 9527c7baa2260f3a3aad6823d2d71cafff9b046b
  RealmSwift: f40a747beaea1cadde7dcef41ee5a34b3001677b
  SwiftGifOrigin: d6679d3ebe9df2e049a84bc52582635107b581f6
  Toaster: a6c9532de1ded8105e77376f7dffeb2e12b46dbb

PODFILE CHECKSUM: 75e804ee435cdad1046695092e1d666691167445

COCOAPODS: 1.5.0
